
Microsoft Visual Studio Solution File, Format Version 12.00
# Visual Studio 15
VisualStudioVersion = 15.0.28307.271
MinimumVisualStudioVersion = 10.0.40219.1
Project("{FAE04EC0-301F-11D3-BF4B-00C04F79EFBC}") = "VehicleExistsTest", "VehicleExistsTest\VehicleExistsTest.csproj", "{5513AD47-CD97-4425-A5AF-01CA1DC9DBE4}"
EndProject
Global
	GlobalSection(SolutionConfigurationPlatforms) = preSolution
		Debug|Any CPU = Debug|Any CPU
		Release|Any CPU = Release|Any CPU
	EndGlobalSection
	GlobalSection(ProjectConfigurationPlatforms) = postSolution
		{5513AD47-CD97-4425-A5AF-01CA1DC9DBE4}.Debug|Any CPU.ActiveCfg = Debug|Any CPU
		{5513AD47-CD97-4425-A5AF-01CA1DC9DBE4}.Debug|Any CPU.Build.0 = Debug|Any CPU
		{5513AD47-CD97-4425-A5AF-01CA1DC9DBE4}.Release|Any CPU.ActiveCfg = Release|Any CPU
		{5513AD47-CD97-4425-A5AF-01CA1DC9DBE4}.Release|Any CPU.Build.0 = Release|Any CPU
	EndGlobalSection
	GlobalSection(SolutionProperties) = preSolution
		HideSolutionNode = FALSE
	EndGlobalSection
	GlobalSection(ExtensibilityGlobals) = postSolution
		SolutionGuid = {AE4076ED-E800-47AC-BE2B-17CA17023215}
	EndGlobalSection
EndGlobal
